
Microsoft Visual Studio Solution File, Format Version 12.00
# Visual Studio Version 16
VisualStudioVersion = 16.0.810.10
MinimumVisualStudioVersion = 10.0.40219.1
Project("{FAE04EC0-301F-11D3-BF4B-00C04F79EFBC}") = "BookHomework", "BookHomework\BookHomework.csproj", "{A75F329F-B553-4D08-8687-48B6E0BF0CDE}"
EndProject
Project("{FAE04EC0-301F-11D3-BF4B-00C04F79EFBC}") = "MultiThreadedBook", "MultiThreadedBook\MultiThreadedBook.csproj", "{BD85F810-5A74-4201-BA22-2396C65945C9}"
EndProject
Project("{FAE04EC0-301F-11D3-BF4B-00C04F79EFBC}") = "OnlineShop", "OnlineShop\OnlineShop.csproj", "{528D7AC5-3B52-4665-BEF2-FE2C356D6FB3}"
EndProject
Project("{FAE04EC0-301F-11D3-BF4B-00C04F79EFBC}") = "WebScrapper", "WebScrapper\WebScrapper.csproj", "{817CE86E-0CB1-4BC0-8337-6D54F03C3F2D}"
EndProject
Project("{FAE04EC0-301F-11D3-BF4B-00C04F79EFBC}") = "BarSimulator", "BarSimulator\BarSimulator.csproj", "{1FCEC6A3-3721-48F5-939F-0C971A27A2E8}"
EndProject
Project("{FAE04EC0-301F-11D3-BF4B-00C04F79EFBC}") = "Area51", "Area51\Area51.csproj", "{3CFC3185-5B7A-40FB-93B7-DD665AAA72BD}"
EndProject
Global
	GlobalSection(SolutionConfigurationPlatforms) = preSolution
		Debug|Any CPU = Debug|Any CPU
		Release|Any CPU = Release|Any CPU
	EndGlobalSection
	GlobalSection(ProjectConfigurationPlatforms) = postSolution
		{A75F329F-B553-4D08-8687-48B6E0BF0CDE}.Debug|Any CPU.ActiveCfg = Debug|Any CPU
		{A75F329F-B553-4D08-8687-48B6E0BF0CDE}.Debug|Any CPU.Build.0 = Debug|Any CPU
		{A75F329F-B553-4D08-8687-48B6E0BF0CDE}.Release|Any CPU.ActiveCfg = Release|Any CPU
		{A75F329F-B553-4D08-8687-48B6E0BF0CDE}.Release|Any CPU.Build.0 = Release|Any CPU
		{BD85F810-5A74-4201-BA22-2396C65945C9}.Debug|Any CPU.ActiveCfg = Debug|Any CPU
		{BD85F810-5A74-4201-BA22-2396C65945C9}.Debug|Any CPU.Build.0 = Debug|Any CPU
		{BD85F810-5A74-4201-BA22-2396C65945C9}.Release|Any CPU.ActiveCfg = Release|Any CPU
		{BD85F810-5A74-4201-BA22-2396C65945C9}.Release|Any CPU.Build.0 = Release|Any CPU
		{528D7AC5-3B52-4665-BEF2-FE2C356D6FB3}.Debug|Any CPU.ActiveCfg = Debug|Any CPU
		{528D7AC5-3B52-4665-BEF2-FE2C356D6FB3}.Debug|Any CPU.Build.0 = Debug|Any CPU
		{528D7AC5-3B52-4665-BEF2-FE2C356D6FB3}.Release|Any CPU.ActiveCfg = Release|Any CPU
		{528D7AC5-3B52-4665-BEF2-FE2C356D6FB3}.Release|Any CPU.Build.0 = Release|Any CPU
		{817CE86E-0CB1-4BC0-8337-6D54F03C3F2D}.Debug|Any CPU.ActiveCfg = Debug|Any CPU
		{817CE86E-0CB1-4BC0-8337-6D54F03C3F2D}.Debug|Any CPU.Build.0 = Debug|Any CPU
		{817CE86E-0CB1-4BC0-8337-6D54F03C3F2D}.Release|Any CPU.ActiveCfg = Release|Any CPU
		{817CE86E-0CB1-4BC0-8337-6D54F03C3F2D}.Release|Any CPU.Build.0 = Release|Any CPU
		{1FCEC6A3-3721-48F5-939F-0C971A27A2E8}.Debug|Any CPU.ActiveCfg = Debug|Any CPU
		{1FCEC6A3-3721-48F5-939F-0C971A27A2E8}.Debug|Any CPU.Build.0 = Debug|Any CPU
		{1FCEC6A3-3721-48F5-939F-0C971A27A2E8}.Release|Any CPU.ActiveCfg = Release|Any CPU
		{1FCEC6A3-3721-48F5-939F-0C971A27A2E8}.Release|Any CPU.Build.0 = Release|Any CPU
		{3CFC3185-5B7A-40FB-93B7-DD665AAA72BD}.Debug|Any CPU.ActiveCfg = Debug|Any CPU
		{3CFC3185-5B7A-40FB-93B7-DD665AAA72BD}.Debug|Any CPU.Build.0 = Debug|Any CPU
		{3CFC3185-5B7A-40FB-93B7-DD665AAA72BD}.Release|Any CPU.ActiveCfg = Release|Any CPU
		{3CFC3185-5B7A-40FB-93B7-DD665AAA72BD}.Release|Any CPU.Build.0 = Release|Any CPU
	EndGlobalSection
	GlobalSection(SolutionProperties) = preSolution
		HideSolutionNode = FALSE
	EndGlobalSection
	GlobalSection(ExtensibilityGlobals) = postSolution
		SolutionGuid = {EA2B7AF6-D583-4BA8-9614-42DD0C12EA08}
	EndGlobalSection
EndGlobal
